<?xml version="1.0" encoding="utf-8"?>
<Project ToolsVersion="4.0" xmlns="http://schemas.microsoft.com/developer/msbuild/2003">
  <ItemGroup>
    <Filter Include="src">
      <UniqueIdentifier>{e380739a-73a4-40f4-b758-7a9f1a6c0173}</UniqueIdentifier>
    </Filter>
    <Filter Include="src\Platform">
      <UniqueIdentifier>{2AC788B4-1694-E3BF-3FAD-D1672BD9184E}</UniqueIdentifier>
    </Filter>
  </ItemGroup>
  <ItemGroup>
    <ClInclude Include="src\Vulkan_Backend.h">
      <Filter>src</Filter>
    </ClInclude>
  </ItemGroup>
  <ItemGroup>
    <ClCompile Include="src\Vulkan_Backend.cpp">
      <Filter>src</Filter>
    </ClCompile>
    <ClCompile Include="src\Vulkan_Device.cpp">
      <Filter>src</Filter>
    </ClCompile>
    <ClCompile Include="src\Vulkan_Swapchain.cpp">
      <Filter>src</Filter>
    </ClCompile>
    <ClCompile Include="src\Vulkan_Pipeline.cpp">
      <Filter>src</Filter>
    </ClCompile>
    <ClCompile Include="src\Vulkan_Renderpass.cpp">
      <Filter>src</Filter>
    </ClCompile>
    <ClCompile Include="src\Vulkan_CommandBuffer.cpp">
      <Filter>src</Filter>
    </ClCompile>
    <ClCompile Include="src\Vulkan_Buffer.cpp">
      <Filter>src</Filter>
    </ClCompile>
  </ItemGroup>
</Project>