<?xml version="1.0" encoding="utf-8"?>
<Project ToolsVersion="4.0" xmlns="http://schemas.microsoft.com/developer/msbuild/2003">
  <ItemGroup>
    <Filter Include="Core">
      <UniqueIdentifier>{2EB4837C-1AEB-840D-C3D7-6A10AFED000F}</UniqueIdentifier>
    </Filter>
    <Filter Include="Math">
      <UniqueIdentifier>{AFF4887C-9B2B-8A0D-4418-7010302E060F}</UniqueIdentifier>
    </Filter>
    <Filter Include="Platform">
      <UniqueIdentifier>{2AC788B4-1694-E3BF-3FAD-D1672BD9184E}</UniqueIdentifier>
    </Filter>
    <Filter Include="Renderer">
      <UniqueIdentifier>{7CCE658F-689B-C09A-91B4-AE427DE0F528}</UniqueIdentifier>
    </Filter>
    <Filter Include="Resources">
      <UniqueIdentifier>{000BCD17-6C75-818E-B5B3-3234215D5FE3}</UniqueIdentifier>
    </Filter>
    <Filter Include="Systems">
      <UniqueIdentifier>{1DDE831B-89BD-02B7-92D5-8D8DFE336918}</UniqueIdentifier>
    </Filter>
    <Filter Include="Vendor">
      <UniqueIdentifier>{935FDCD7-7F01-07AE-68BC-1A0254FD8DFE}</UniqueIdentifier>
    </Filter>
    <Filter Include="Vendor\tinyobjloader">
      <UniqueIdentifier>{18A0DDA5-042F-676F-AD4D-7B6A99BB7715}</UniqueIdentifier>
    </Filter>
    <Filter Include="Vendor\tinyobjloader\examples">
      <UniqueIdentifier>{C6888522-32A1-6C4C-FB4D-FCE5672501E6}</UniqueIdentifier>
    </Filter>
    <Filter Include="Vendor\tinyobjloader\examples\obj_sticher">
      <UniqueIdentifier>{41C817E1-ADE2-7A82-F604-8B16625EA289}</UniqueIdentifier>
    </Filter>
    <Filter Include="Vendor\tinyobjloader\examples\viewer">
      <UniqueIdentifier>{8786BE6B-736D-8063-1CBE-E6800884F9C9}</UniqueIdentifier>
    </Filter>
    <Filter Include="Vendor\tinyobjloader\examples\voxelize">
      <UniqueIdentifier>{2BBC674E-170E-3F3E-002D-7C4EEC1D5827}</UniqueIdentifier>
    </Filter>
    <Filter Include="Vendor\tinyobjloader\experimental">
      <UniqueIdentifier>{35A24224-A110-98A3-EAF9-52A356A78D3F}</UniqueIdentifier>
    </Filter>
    <Filter Include="Vendor\tinyobjloader\tests">
      <UniqueIdentifier>{FA3C1AEB-E64C-C6BB-4F06-2BDA3B35B554}</UniqueIdentifier>
    </Filter>
  </ItemGroup>
  <ItemGroup>
    <ClInclude Include="src\Core\Clock.h">
      <Filter>Core</Filter>
    </ClInclude>
    <ClInclude Include="src\Core\Engine.h">
      <Filter>Core</Filter>
    </ClInclude>
    <ClInclude Include="src\Core\Event.h">
      <Filter>Core</Filter>
    </ClInclude>
    <ClInclude Include="src\Core\Input.h">
      <Filter>Core</Filter>
    </ClInclude>
    <ClInclude Include="src\Core\Logging.h">
      <Filter>Core</Filter>
    </ClInclude>
    <ClInclude Include="src\Core\Memory.h">
      <Filter>Core</Filter>
    </ClInclude>
    <ClInclude Include="src\Core\String.h">
      <Filter>Core</Filter>
    </ClInclude>
    <ClInclude Include="src\EngineConfig.h" />
    <ClInclude Include="src\EngineGlobals.h" />
    <ClInclude Include="src\GameClass.h" />
    <ClInclude Include="src\Math\Math.h">
      <Filter>Math</Filter>
    </ClInclude>
    <ClInclude Include="src\Math\Math_Types.h">
      <Filter>Math</Filter>
    </ClInclude>
    <ClInclude Include="src\PCH_Engine.h" />
    <ClInclude Include="src\Platform\Platform.h">
      <Filter>Platform</Filter>
    </ClInclude>
    <ClInclude Include="src\Platform\Platform_Win32.h">
      <Filter>Platform</Filter>
    </ClInclude>
    <ClInclude Include="src\Renderer\Renderer_Interface.h">
      <Filter>Renderer</Filter>
    </ClInclude>
    <ClInclude Include="src\Resources\Filesystem.h">
      <Filter>Resources</Filter>
    </ClInclude>
    <ClInclude Include="src\Resources\Resources.h">
      <Filter>Resources</Filter>
    </ClInclude>
    <ClInclude Include="src\Resources\Shader.h">
      <Filter>Resources</Filter>
    </ClInclude>
    <ClInclude Include="src\Resources\Texture.h">
      <Filter>Resources</Filter>
    </ClInclude>
    <ClInclude Include="src\SharedHeaders.h" />
    <ClInclude Include="src\Systems\TextureSystem.h">
      <Filter>Systems</Filter>
    </ClInclude>
    <ClInclude Include="src\Vendor\stb_image.h">
      <Filter>Vendor</Filter>
    </ClInclude>
    <ClInclude Include="src\Vendor\tinyobjloader\examples\obj_sticher\obj_writer.h">
      <Filter>Vendor\tinyobjloader\examples\obj_sticher</Filter>
    </ClInclude>
    <ClInclude Include="src\Vendor\tinyobjloader\examples\viewer\stb_image.h">
      <Filter>Vendor\tinyobjloader\examples\viewer</Filter>
    </ClInclude>
    <ClInclude Include="src\Vendor\tinyobjloader\examples\viewer\trackball.h">
      <Filter>Vendor\tinyobjloader\examples\viewer</Filter>
    </ClInclude>
    <ClInclude Include="src\Vendor\tinyobjloader\examples\voxelize\voxelizer.h">
      <Filter>Vendor\tinyobjloader\examples\voxelize</Filter>
    </ClInclude>
    <ClInclude Include="src\Vendor\tinyobjloader\experimental\tinyobj_loader_opt.h">
      <Filter>Vendor\tinyobjloader\experimental</Filter>
    </ClInclude>
    <ClInclude Include="src\Vendor\tinyobjloader\experimental\trackball.h">
      <Filter>Vendor\tinyobjloader\experimental</Filter>
    </ClInclude>
    <ClInclude Include="src\Vendor\tinyobjloader\tests\acutest.h">
      <Filter>Vendor\tinyobjloader\tests</Filter>
    </ClInclude>
    <ClInclude Include="src\Vendor\tinyobjloader\tiny_obj_loader.h">
      <Filter>Vendor\tinyobjloader</Filter>
    </ClInclude>
  </ItemGroup>
  <ItemGroup>
    <ClCompile Include="src\Core\Clock.cpp">
      <Filter>Core</Filter>
    </ClCompile>
    <ClCompile Include="src\Core\Engine.cpp">
      <Filter>Core</Filter>
    </ClCompile>
    <ClCompile Include="src\Core\Event.cpp">
      <Filter>Core</Filter>
    </ClCompile>
    <ClCompile Include="src\Core\Input.cpp">
      <Filter>Core</Filter>
    </ClCompile>
    <ClCompile Include="src\Core\Logging.cpp">
      <Filter>Core</Filter>
    </ClCompile>
    <ClCompile Include="src\Core\Memory.cpp">
      <Filter>Core</Filter>
    </ClCompile>
    <ClCompile Include="src\Core\String.cpp">
      <Filter>Core</Filter>
    </ClCompile>
    <ClCompile Include="src\Math\Math.cpp">
      <Filter>Math</Filter>
    </ClCompile>
    <ClCompile Include="src\PCH_Engine.cpp" />
    <ClCompile Include="src\Platform\Platform_Win32.cpp">
      <Filter>Platform</Filter>
    </ClCompile>
    <ClCompile Include="src\Renderer\Renderer_Interface.cpp">
      <Filter>Renderer</Filter>
    </ClCompile>
    <ClCompile Include="src\Resources\Filesystem.cpp">
      <Filter>Resources</Filter>
    </ClCompile>
    <ClCompile Include="src\Resources\Shader.cpp">
      <Filter>Resources</Filter>
    </ClCompile>
    <ClCompile Include="src\Systems\TextureSystem.cpp">
      <Filter>Systems</Filter>
    </ClCompile>
  </ItemGroup>
</Project>